
Microsoft Visual Studio Solution File, Format Version 12.00
# Visual Studio Version 17
VisualStudioVersion = 17.4.33110.190
MinimumVisualStudioVersion = 10.0.40219.1
Project("{FAE04EC0-301F-11D3-BF4B-00C04F79EFBC}") = "Infraestrutura", "Infraestrutura\Infraestrutura.csproj", "{13B054D6-1B55-45D1-B4D8-EA3B9E70294E}"
EndProject
Project("{FAE04EC0-301F-11D3-BF4B-00C04F79EFBC}") = "API", "API\API.csproj", "{81F7D6F1-76E4-4D88-B1C4-7A567D6A7428}"
EndProject
Global
	GlobalSection(SolutionConfigurationPlatforms) = preSolution
		Debug|Any CPU = Debug|Any CPU
		Release|Any CPU = Release|Any CPU
	EndGlobalSection
	GlobalSection(ProjectConfigurationPlatforms) = postSolution
		{13B054D6-1B55-45D1-B4D8-EA3B9E70294E}.Debug|Any CPU.ActiveCfg = Debug|Any CPU
		{13B054D6-1B55-45D1-B4D8-EA3B9E70294E}.Debug|Any CPU.Build.0 = Debug|Any CPU
		{13B054D6-1B55-45D1-B4D8-EA3B9E70294E}.Release|Any CPU.ActiveCfg = Release|Any CPU
		{13B054D6-1B55-45D1-B4D8-EA3B9E70294E}.Release|Any CPU.Build.0 = Release|Any CPU
		{81F7D6F1-76E4-4D88-B1C4-7A567D6A7428}.Debug|Any CPU.ActiveCfg = Debug|Any CPU
		{81F7D6F1-76E4-4D88-B1C4-7A567D6A7428}.Debug|Any CPU.Build.0 = Debug|Any CPU
		{81F7D6F1-76E4-4D88-B1C4-7A567D6A7428}.Release|Any CPU.ActiveCfg = Release|Any CPU
		{81F7D6F1-76E4-4D88-B1C4-7A567D6A7428}.Release|Any CPU.Build.0 = Release|Any CPU
	EndGlobalSection
	GlobalSection(SolutionProperties) = preSolution
		HideSolutionNode = FALSE
	EndGlobalSection
	GlobalSection(ExtensibilityGlobals) = postSolution
		SolutionGuid = {271AB2CA-D845-4D0D-8CFF-D9E788DBDC11}
	EndGlobalSection
EndGlobal
